
Microsoft Visual Studio Solution File, Format Version 12.00
# Visual Studio 15
VisualStudioVersion = 15.0.28010.2041
MinimumVisualStudioVersion = 10.0.40219.1
Project("{FAE04EC0-301F-11D3-BF4B-00C04F79EFBC}") = "XamarinCustomListViewWithSearch", "XamarinCustomListViewWithSearch\XamarinCustomListViewWithSearch.csproj", "{4A79C8A5-82EB-4021-9094-D86F16746295}"
EndProject
Global
	GlobalSection(SolutionConfigurationPlatforms) = preSolution
		Debug|Any CPU = Debug|Any CPU
		Release|Any CPU = Release|Any CPU
	EndGlobalSection
	GlobalSection(ProjectConfigurationPlatforms) = postSolution
		{4A79C8A5-82EB-4021-9094-D86F16746295}.Debug|Any CPU.ActiveCfg = Debug|Any CPU
		{4A79C8A5-82EB-4021-9094-D86F16746295}.Debug|Any CPU.Build.0 = Debug|Any CPU
		{4A79C8A5-82EB-4021-9094-D86F16746295}.Debug|Any CPU.Deploy.0 = Debug|Any CPU
		{4A79C8A5-82EB-4021-9094-D86F16746295}.Release|Any CPU.ActiveCfg = Release|Any CPU
		{4A79C8A5-82EB-4021-9094-D86F16746295}.Release|Any CPU.Build.0 = Release|Any CPU
		{4A79C8A5-82EB-4021-9094-D86F16746295}.Release|Any CPU.Deploy.0 = Release|Any CPU
	EndGlobalSection
	GlobalSection(SolutionProperties) = preSolution
		HideSolutionNode = FALSE
	EndGlobalSection
	GlobalSection(ExtensibilityGlobals) = postSolution
		SolutionGuid = {006E5AA0-283F-4537-9C64-7E239E8D5196}
	EndGlobalSection
EndGlobal
